{
  "object": {
    "pins": [
      {
        "package": "Typer",
        "repositoryURL": "https://github.com/Samasaur1/Typer.git",
        "state": {
          "branch": null,
          "revision": "e94a940f22fbe62bab0027f72241d0699798ba56",
          "version": "1.6.3"
        }
      }
    ]
  },
  "version": 1
}
